{
  "name": "moo-workspace",
  "lockfileVersion": 3,
  "requires": true,
  "packages": {
    "": {
      "name": "moo-workspace",
      "devDependencies": {
        "@tishlang/tish": "3.15.3",
        "lattish": "4.0.4"
      }
    },
    "node_modules/@tishlang/tish": {
      "version": "3.15.3",
      "resolved": "https://registry.npmjs.org/@tishlang/tish/-/tish-3.15.3.tgz",
      "integrity": "sha512-HATO7IF+/kG1H+wlEirmLCAxUr5w74BIjnjOg2MiUt/6mC7W1VmQTr9toMrfuRNhBTHP3H1ESKXIR+LHwvu/Fg==",
      "dev": true,
      "hasInstallScript": true,
      "license": "PIF",
      "bin": {
        "tish": "bin/tish"
      },
      "engines": {
        "node": ">=22"
      }
    },
    "node_modules/lattish": {
      "version": "4.0.4",
      "resolved": "https://registry.npmjs.org/lattish/-/lattish-4.0.4.tgz",
      "integrity": "sha512-3rvrCmWzRTS0TFWR/DrcJRjxEoICdkjqcPw+PGU1zTtQf0yhRcqSPvQ0O5ZMobKzyit8CZJ8AHXoeAOlzBr9sA==",
      "dev": true,
      "license": "PIF",
      "engines": {
        "node": ">=22"
      }
    }
  }
}
