{
  "name": "moo",
  "version": "0.1.0",
  "lockfileVersion": 3,
  "requires": true,
  "packages": {
    "": {
      "name": "moo",
      "version": "0.1.0",
      "dependencies": {
        "@tishlang/tish-macos": "1.4.0",
        "tish-moo": "file:../packages/moo-macos"
      }
    },
    "../packages/moo-macos": {
      "name": "tish-moo",
      "version": "0.1.0"
    },
    "node_modules/@tishlang/tish-macos": {
      "version": "1.4.0",
      "resolved": "https://registry.npmjs.org/@tishlang/tish-macos/-/tish-macos-1.4.0.tgz",
      "integrity": "sha512-+F/wRnLa4QX4t4N2dVFKvfbq8xeY0CchhynptgQK4L+aG9w2d+MSCBqinI6MPR+2034aqkd84qvV6cs61zFtMg==",
      "license": "PIF"
    },
    "node_modules/tish-moo": {
      "resolved": "../packages/moo-macos",
      "link": true
    }
  }
}
