{
  "name": "moo",
  "version": "0.1.0",
  "lockfileVersion": 3,
  "requires": true,
  "packages": {
    "": {
      "name": "moo",
      "version": "0.1.0",
      "dependencies": {
        "@tishlang/tish-macos": "3.1.0",
        "@tishlang/tish-windows": "1.0.0",
        "tish-moo": "file:../packages/moo-macos"
      }
    },
    "../packages/moo-macos": {
      "name": "tish-moo",
      "version": "0.1.0"
    },
    "node_modules/@tishlang/tish-macos": {
      "version": "3.1.0",
      "resolved": "https://registry.npmjs.org/@tishlang/tish-macos/-/tish-macos-3.1.0.tgz",
      "integrity": "sha512-mXouMxlD6igzWJpS+5m8mMEgaU0UrtH8l8LfoUrfVpFYCCSTbW8oHYx7ufeK78KOeTP905J1qjeF8fcODVjIkQ==",
      "license": "MIT"
    },
    "node_modules/@tishlang/tish-windows": {
      "version": "1.0.0",
      "resolved": "https://registry.npmjs.org/@tishlang/tish-windows/-/tish-windows-1.0.0.tgz",
      "integrity": "sha512-/90AiCfDkBuh3QMxt3El3+O3hfUEmpAbHKf1oe6J+8XdCjXb7ce8ZA3/yXm+6Fkd94HHkxtLHb3aprLq++QLJw==",
      "license": "MIT"
    },
    "node_modules/tish-moo": {
      "resolved": "../packages/moo-macos",
      "link": true
    }
  }
}
